
Microsoft Visual Studio Solution File, Format Version 12.00
# Visual Studio Version 16
VisualStudioVersion = 16.0.31624.102
MinimumVisualStudioVersion = 10.0.40219.1
Project("{8BC9CEB8-8B4A-11D0-8D11-00A0C91BC942}") = "Gallows", "Gallows\Gallows.vcxproj", "{6AC47CDC-3051-401E-AA57-BCAC5F5D542D}"
EndProject
Global
	GlobalSection(SolutionConfigurationPlatforms) = preSolution
		Debug|x64 = Debug|x64
		Debug|x86 = Debug|x86
		Release|x64 = Release|x64
		Release|x86 = Release|x86
	EndGlobalSection
	GlobalSection(ProjectConfigurationPlatforms) = postSolution
		{6AC47CDC-3051-401E-AA57-BCAC5F5D542D}.Debug|x64.ActiveCfg = Debug|x64
		{6AC47CDC-3051-401E-AA57-BCAC5F5D542D}.Debug|x64.Build.0 = Debug|x64
		{6AC47CDC-3051-401E-AA57-BCAC5F5D542D}.Debug|x86.ActiveCfg = Debug|Win32
		{6AC47CDC-3051-401E-AA57-BCAC5F5D542D}.Debug|x86.Build.0 = Debug|Win32
		{6AC47CDC-3051-401E-AA57-BCAC5F5D542D}.Release|x64.ActiveCfg = Release|x64
		{6AC47CDC-3051-401E-AA57-BCAC5F5D542D}.Release|x64.Build.0 = Release|x64
		{6AC47CDC-3051-401E-AA57-BCAC5F5D542D}.Release|x86.ActiveCfg = Release|Win32
		{6AC47CDC-3051-401E-AA57-BCAC5F5D542D}.Release|x86.Build.0 = Release|Win32
	EndGlobalSection
	GlobalSection(SolutionProperties) = preSolution
		HideSolutionNode = FALSE
	EndGlobalSection
	GlobalSection(ExtensibilityGlobals) = postSolution
		SolutionGuid = {347A630F-C48F-4CD4-9D11-938D85F5608A}
	EndGlobalSection
EndGlobal
